
Microsoft Visual Studio Solution File, Format Version 12.00
# Visual Studio Version 16
VisualStudioVersion = 16.0.29215.179
MinimumVisualStudioVersion = 10.0.40219.1
Project("{8BC9CEB8-8B4A-11D0-8D11-00A0C91BC942}") = "WFind", "ConsoleApplication1\ConsoleApplication1.vcxproj", "{571ED8D9-6344-4FA2-93E3-B1178B7A35F0}"
EndProject
Project("{8BC9CEB8-8B4A-11D0-8D11-00A0C91BC942}") = "NewWindowsExplorerApp", "NewWindowsExplorerApp\NewWindowsExplorerApp.vcxproj", "{A4063B43-0E3A-48A0-A926-47B6C72D6FDE}"
EndProject
Project("{2150E333-8FDC-42A3-9474-1A3956D46DE8}") = "Solution Items", "Solution Items", "{A08AA752-D03B-4294-8CAB-0CF73932DEC7}"
	ProjectSection(SolutionItems) = preProject
		README.md = README.md
	EndProjectSection
EndProject
Global
	GlobalSection(SolutionConfigurationPlatforms) = preSolution
		Debug App|ARM = Debug App|ARM
		Debug App|ARM64 = Debug App|ARM64
		Debug App|x64 = Debug App|x64
		Debug App|x86 = Debug App|x86
		Debug Lib|ARM = Debug Lib|ARM
		Debug Lib|ARM64 = Debug Lib|ARM64
		Debug Lib|x64 = Debug Lib|x64
		Debug Lib|x86 = Debug Lib|x86
		Debug|ARM = Debug|ARM
		Debug|ARM64 = Debug|ARM64
		Debug|x64 = Debug|x64
		Debug|x86 = Debug|x86
		Release Lib|ARM = Release Lib|ARM
		Release Lib|ARM64 = Release Lib|ARM64
		Release Lib|x64 = Release Lib|x64
		Release Lib|x86 = Release Lib|x86
		Release|ARM = Release|ARM
		Release|ARM64 = Release|ARM64
		Release|x64 = Release|x64
		Release|x86 = Release|x86
	EndGlobalSection
	GlobalSection(ProjectConfigurationPlatforms) = postSolution
		{571ED8D9-6344-4FA2-93E3-B1178B7A35F0}.Debug App|ARM.ActiveCfg = Debug App|Win32
		{571ED8D9-6344-4FA2-93E3-B1178B7A35F0}.Debug App|ARM64.ActiveCfg = Debug App|Win32
		{571ED8D9-6344-4FA2-93E3-B1178B7A35F0}.Debug App|x64.ActiveCfg = Debug App|x64
		{571ED8D9-6344-4FA2-93E3-B1178B7A35F0}.Debug App|x64.Build.0 = Debug App|x64
		{571ED8D9-6344-4FA2-93E3-B1178B7A35F0}.Debug App|x86.ActiveCfg = Debug App|Win32
		{571ED8D9-6344-4FA2-93E3-B1178B7A35F0}.Debug Lib|ARM.ActiveCfg = Debug Lib|Win32
		{571ED8D9-6344-4FA2-93E3-B1178B7A35F0}.Debug Lib|ARM64.ActiveCfg = Debug Lib|Win32
		{571ED8D9-6344-4FA2-93E3-B1178B7A35F0}.Debug Lib|x64.ActiveCfg = Debug Lib|x64
		{571ED8D9-6344-4FA2-93E3-B1178B7A35F0}.Debug Lib|x64.Build.0 = Debug Lib|x64
		{571ED8D9-6344-4FA2-93E3-B1178B7A35F0}.Debug Lib|x86.ActiveCfg = Debug Lib|Win32
		{571ED8D9-6344-4FA2-93E3-B1178B7A35F0}.Debug Lib|x86.Build.0 = Debug Lib|Win32
		{571ED8D9-6344-4FA2-93E3-B1178B7A35F0}.Debug|ARM.ActiveCfg = Debug|Win32
		{571ED8D9-6344-4FA2-93E3-B1178B7A35F0}.Debug|ARM64.ActiveCfg = Debug|Win32
		{571ED8D9-6344-4FA2-93E3-B1178B7A35F0}.Debug|x64.ActiveCfg = Debug|x64
		{571ED8D9-6344-4FA2-93E3-B1178B7A35F0}.Debug|x64.Build.0 = Debug|x64
		{571ED8D9-6344-4FA2-93E3-B1178B7A35F0}.Debug|x86.ActiveCfg = Debug|Win32
		{571ED8D9-6344-4FA2-93E3-B1178B7A35F0}.Debug|x86.Build.0 = Debug|Win32
		{571ED8D9-6344-4FA2-93E3-B1178B7A35F0}.Release Lib|ARM.ActiveCfg = Release Lib|Win32
		{571ED8D9-6344-4FA2-93E3-B1178B7A35F0}.Release Lib|ARM64.ActiveCfg = Release Lib|Win32
		{571ED8D9-6344-4FA2-93E3-B1178B7A35F0}.Release Lib|x64.ActiveCfg = Release Lib|x64
		{571ED8D9-6344-4FA2-93E3-B1178B7A35F0}.Release Lib|x64.Build.0 = Release Lib|x64
		{571ED8D9-6344-4FA2-93E3-B1178B7A35F0}.Release Lib|x86.ActiveCfg = Release Lib|Win32
		{571ED8D9-6344-4FA2-93E3-B1178B7A35F0}.Release Lib|x86.Build.0 = Release Lib|Win32
		{571ED8D9-6344-4FA2-93E3-B1178B7A35F0}.Release|ARM.ActiveCfg = Release|Win32
		{571ED8D9-6344-4FA2-93E3-B1178B7A35F0}.Release|ARM64.ActiveCfg = Release|Win32
		{571ED8D9-6344-4FA2-93E3-B1178B7A35F0}.Release|x64.ActiveCfg = Release|x64
		{571ED8D9-6344-4FA2-93E3-B1178B7A35F0}.Release|x64.Build.0 = Release|x64
		{571ED8D9-6344-4FA2-93E3-B1178B7A35F0}.Release|x86.ActiveCfg = Release|Win32
		{571ED8D9-6344-4FA2-93E3-B1178B7A35F0}.Release|x86.Build.0 = Release|Win32
		{A4063B43-0E3A-48A0-A926-47B6C72D6FDE}.Debug App|ARM.ActiveCfg = Debug App|ARM
		{A4063B43-0E3A-48A0-A926-47B6C72D6FDE}.Debug App|ARM.Build.0 = Debug App|ARM
		{A4063B43-0E3A-48A0-A926-47B6C72D6FDE}.Debug App|ARM.Deploy.0 = Debug App|ARM
		{A4063B43-0E3A-48A0-A926-47B6C72D6FDE}.Debug App|ARM64.ActiveCfg = Debug App|ARM64
		{A4063B43-0E3A-48A0-A926-47B6C72D6FDE}.Debug App|ARM64.Build.0 = Debug App|ARM64
		{A4063B43-0E3A-48A0-A926-47B6C72D6FDE}.Debug App|ARM64.Deploy.0 = Debug App|ARM64
		{A4063B43-0E3A-48A0-A926-47B6C72D6FDE}.Debug App|x64.ActiveCfg = Debug App|x64
		{A4063B43-0E3A-48A0-A926-47B6C72D6FDE}.Debug App|x64.Build.0 = Debug App|x64
		{A4063B43-0E3A-48A0-A926-47B6C72D6FDE}.Debug App|x64.Deploy.0 = Debug App|x64
		{A4063B43-0E3A-48A0-A926-47B6C72D6FDE}.Debug App|x86.ActiveCfg = Debug App|Win32
		{A4063B43-0E3A-48A0-A926-47B6C72D6FDE}.Debug App|x86.Build.0 = Debug App|Win32
		{A4063B43-0E3A-48A0-A926-47B6C72D6FDE}.Debug App|x86.Deploy.0 = Debug App|Win32
		{A4063B43-0E3A-48A0-A926-47B6C72D6FDE}.Debug Lib|ARM.ActiveCfg = Debug Lib|ARM
		{A4063B43-0E3A-48A0-A926-47B6C72D6FDE}.Debug Lib|ARM.Build.0 = Debug Lib|ARM
		{A4063B43-0E3A-48A0-A926-47B6C72D6FDE}.Debug Lib|ARM.Deploy.0 = Debug Lib|ARM
		{A4063B43-0E3A-48A0-A926-47B6C72D6FDE}.Debug Lib|ARM64.ActiveCfg = Debug Lib|ARM64
		{A4063B43-0E3A-48A0-A926-47B6C72D6FDE}.Debug Lib|ARM64.Build.0 = Debug Lib|ARM64
		{A4063B43-0E3A-48A0-A926-47B6C72D6FDE}.Debug Lib|ARM64.Deploy.0 = Debug Lib|ARM64
		{A4063B43-0E3A-48A0-A926-47B6C72D6FDE}.Debug Lib|x64.ActiveCfg = Debug Lib|x64
		{A4063B43-0E3A-48A0-A926-47B6C72D6FDE}.Debug Lib|x64.Build.0 = Debug Lib|x64
		{A4063B43-0E3A-48A0-A926-47B6C72D6FDE}.Debug Lib|x64.Deploy.0 = Debug Lib|x64
		{A4063B43-0E3A-48A0-A926-47B6C72D6FDE}.Debug Lib|x86.ActiveCfg = Debug Lib|Win32
		{A4063B43-0E3A-48A0-A926-47B6C72D6FDE}.Debug|ARM.ActiveCfg = Debug|ARM
		{A4063B43-0E3A-48A0-A926-47B6C72D6FDE}.Debug|ARM.Build.0 = Debug|ARM
		{A4063B43-0E3A-48A0-A926-47B6C72D6FDE}.Debug|ARM.Deploy.0 = Debug|ARM
		{A4063B43-0E3A-48A0-A926-47B6C72D6FDE}.Debug|ARM64.ActiveCfg = Debug|ARM64
		{A4063B43-0E3A-48A0-A926-47B6C72D6FDE}.Debug|ARM64.Build.0 = Debug|ARM64
		{A4063B43-0E3A-48A0-A926-47B6C72D6FDE}.Debug|ARM64.Deploy.0 = Debug|ARM64
		{A4063B43-0E3A-48A0-A926-47B6C72D6FDE}.Debug|x64.ActiveCfg = Debug|x64
		{A4063B43-0E3A-48A0-A926-47B6C72D6FDE}.Debug|x64.Build.0 = Debug|x64
		{A4063B43-0E3A-48A0-A926-47B6C72D6FDE}.Debug|x64.Deploy.0 = Debug|x64
		{A4063B43-0E3A-48A0-A926-47B6C72D6FDE}.Debug|x86.ActiveCfg = Debug|Win32
		{A4063B43-0E3A-48A0-A926-47B6C72D6FDE}.Release Lib|ARM.ActiveCfg = Release Lib|ARM
		{A4063B43-0E3A-48A0-A926-47B6C72D6FDE}.Release Lib|ARM.Build.0 = Release Lib|ARM
		{A4063B43-0E3A-48A0-A926-47B6C72D6FDE}.Release Lib|ARM.Deploy.0 = Release Lib|ARM
		{A4063B43-0E3A-48A0-A926-47B6C72D6FDE}.Release Lib|ARM64.ActiveCfg = Release Lib|ARM64
		{A4063B43-0E3A-48A0-A926-47B6C72D6FDE}.Release Lib|ARM64.Build.0 = Release Lib|ARM64
		{A4063B43-0E3A-48A0-A926-47B6C72D6FDE}.Release Lib|ARM64.Deploy.0 = Release Lib|ARM64
		{A4063B43-0E3A-48A0-A926-47B6C72D6FDE}.Release Lib|x64.ActiveCfg = Release Lib|x64
		{A4063B43-0E3A-48A0-A926-47B6C72D6FDE}.Release Lib|x64.Build.0 = Release Lib|x64
		{A4063B43-0E3A-48A0-A926-47B6C72D6FDE}.Release Lib|x64.Deploy.0 = Release Lib|x64
		{A4063B43-0E3A-48A0-A926-47B6C72D6FDE}.Release Lib|x86.ActiveCfg = Release Lib|Win32
		{A4063B43-0E3A-48A0-A926-47B6C72D6FDE}.Release|ARM.ActiveCfg = Release|ARM
		{A4063B43-0E3A-48A0-A926-47B6C72D6FDE}.Release|ARM.Build.0 = Release|ARM
		{A4063B43-0E3A-48A0-A926-47B6C72D6FDE}.Release|ARM.Deploy.0 = Release|ARM
		{A4063B43-0E3A-48A0-A926-47B6C72D6FDE}.Release|ARM64.ActiveCfg = Release|ARM64
		{A4063B43-0E3A-48A0-A926-47B6C72D6FDE}.Release|ARM64.Build.0 = Release|ARM64
		{A4063B43-0E3A-48A0-A926-47B6C72D6FDE}.Release|ARM64.Deploy.0 = Release|ARM64
		{A4063B43-0E3A-48A0-A926-47B6C72D6FDE}.Release|x64.ActiveCfg = Release|x64
		{A4063B43-0E3A-48A0-A926-47B6C72D6FDE}.Release|x64.Build.0 = Release|x64
		{A4063B43-0E3A-48A0-A926-47B6C72D6FDE}.Release|x64.Deploy.0 = Release|x64
		{A4063B43-0E3A-48A0-A926-47B6C72D6FDE}.Release|x86.ActiveCfg = Release|Win32
		{A4063B43-0E3A-48A0-A926-47B6C72D6FDE}.Release|x86.Build.0 = Release|Win32
		{A4063B43-0E3A-48A0-A926-47B6C72D6FDE}.Release|x86.Deploy.0 = Release|Win32
	EndGlobalSection
	GlobalSection(SolutionProperties) = preSolution
		HideSolutionNode = FALSE
	EndGlobalSection
	GlobalSection(ExtensibilityGlobals) = postSolution
		SolutionGuid = {5EF97929-CB8A-456F-B753-9B46B42DDC12}
	EndGlobalSection
EndGlobal
